
Microsoft Visual Studio Solution File, Format Version 12.00
# Visual Studio 15
VisualStudioVersion = 15.0.26730.12
MinimumVisualStudioVersion = 10.0.40219.1
Project("{FAE04EC0-301F-11D3-BF4B-00C04F79EFBC}") = "FizzBuzz", "FizzBuzz.csproj", "{68168746-B706-4EC0-9833-1E1CE8345713}"
EndProject
Project("{FAE04EC0-301F-11D3-BF4B-00C04F79EFBC}") = "Max2", "Max2\Max2.csproj", "{0BBF0B2E-144C-414E-B137-AAEDC8079C59}"
EndProject
Project("{FAE04EC0-301F-11D3-BF4B-00C04F79EFBC}") = "MinMax", "..\MinMax\MinMax.csproj", "{2E977CAF-B1E3-4C07-B0FE-4B0F86974161}"
EndProject
Project("{FAE04EC0-301F-11D3-BF4B-00C04F79EFBC}") = "Dedupe", "Dedupe\Dedupe.csproj", "{AF73CB91-698D-4D7C-AB28-A3931C4CB1B3}"
EndProject
Project("{FAE04EC0-301F-11D3-BF4B-00C04F79EFBC}") = "UniqueDigits", "..\UniqueDigits\UniqueDigits.csproj", "{AD2CF2CC-78AB-4D0F-AFBA-463B0EF1710C}"
EndProject
Project("{FAE04EC0-301F-11D3-BF4B-00C04F79EFBC}") = "TicTacToee", "..\tictactoee\TicTacToee.csproj", "{831DACBD-94FF-4304-BA17-C750CE7634EC}"
EndProject
Project("{FAE04EC0-301F-11D3-BF4B-00C04F79EFBC}") = "DiagnosticTester", "..\DiagnosticTester\DiagnosticTester.csproj", "{7E4F6153-F53B-48A0-8567-1EBAE1D84B7D}"
EndProject
Global
	GlobalSection(SolutionConfigurationPlatforms) = preSolution
		Debug|Any CPU = Debug|Any CPU
		Release|Any CPU = Release|Any CPU
	EndGlobalSection
	GlobalSection(ProjectConfigurationPlatforms) = postSolution
		{68168746-B706-4EC0-9833-1E1CE8345713}.Debug|Any CPU.ActiveCfg = Debug|Any CPU
		{68168746-B706-4EC0-9833-1E1CE8345713}.Debug|Any CPU.Build.0 = Debug|Any CPU
		{68168746-B706-4EC0-9833-1E1CE8345713}.Release|Any CPU.ActiveCfg = Release|Any CPU
		{68168746-B706-4EC0-9833-1E1CE8345713}.Release|Any CPU.Build.0 = Release|Any CPU
		{0BBF0B2E-144C-414E-B137-AAEDC8079C59}.Debug|Any CPU.ActiveCfg = Debug|Any CPU
		{0BBF0B2E-144C-414E-B137-AAEDC8079C59}.Debug|Any CPU.Build.0 = Debug|Any CPU
		{0BBF0B2E-144C-414E-B137-AAEDC8079C59}.Release|Any CPU.ActiveCfg = Release|Any CPU
		{0BBF0B2E-144C-414E-B137-AAEDC8079C59}.Release|Any CPU.Build.0 = Release|Any CPU
		{2E977CAF-B1E3-4C07-B0FE-4B0F86974161}.Debug|Any CPU.ActiveCfg = Debug|Any CPU
		{2E977CAF-B1E3-4C07-B0FE-4B0F86974161}.Debug|Any CPU.Build.0 = Debug|Any CPU
		{2E977CAF-B1E3-4C07-B0FE-4B0F86974161}.Release|Any CPU.ActiveCfg = Release|Any CPU
		{2E977CAF-B1E3-4C07-B0FE-4B0F86974161}.Release|Any CPU.Build.0 = Release|Any CPU
		{AF73CB91-698D-4D7C-AB28-A3931C4CB1B3}.Debug|Any CPU.ActiveCfg = Debug|Any CPU
		{AF73CB91-698D-4D7C-AB28-A3931C4CB1B3}.Debug|Any CPU.Build.0 = Debug|Any CPU
		{AF73CB91-698D-4D7C-AB28-A3931C4CB1B3}.Release|Any CPU.ActiveCfg = Release|Any CPU
		{AF73CB91-698D-4D7C-AB28-A3931C4CB1B3}.Release|Any CPU.Build.0 = Release|Any CPU
		{AD2CF2CC-78AB-4D0F-AFBA-463B0EF1710C}.Debug|Any CPU.ActiveCfg = Debug|Any CPU
		{AD2CF2CC-78AB-4D0F-AFBA-463B0EF1710C}.Debug|Any CPU.Build.0 = Debug|Any CPU
		{AD2CF2CC-78AB-4D0F-AFBA-463B0EF1710C}.Release|Any CPU.ActiveCfg = Release|Any CPU
		{AD2CF2CC-78AB-4D0F-AFBA-463B0EF1710C}.Release|Any CPU.Build.0 = Release|Any CPU
		{831DACBD-94FF-4304-BA17-C750CE7634EC}.Debug|Any CPU.ActiveCfg = Debug|Any CPU
		{831DACBD-94FF-4304-BA17-C750CE7634EC}.Debug|Any CPU.Build.0 = Debug|Any CPU
		{831DACBD-94FF-4304-BA17-C750CE7634EC}.Release|Any CPU.ActiveCfg = Release|Any CPU
		{831DACBD-94FF-4304-BA17-C750CE7634EC}.Release|Any CPU.Build.0 = Release|Any CPU
		{7E4F6153-F53B-48A0-8567-1EBAE1D84B7D}.Debug|Any CPU.ActiveCfg = Debug|Any CPU
		{7E4F6153-F53B-48A0-8567-1EBAE1D84B7D}.Debug|Any CPU.Build.0 = Debug|Any CPU
		{7E4F6153-F53B-48A0-8567-1EBAE1D84B7D}.Release|Any CPU.ActiveCfg = Release|Any CPU
		{7E4F6153-F53B-48A0-8567-1EBAE1D84B7D}.Release|Any CPU.Build.0 = Release|Any CPU
	EndGlobalSection
	GlobalSection(SolutionProperties) = preSolution
		HideSolutionNode = FALSE
	EndGlobalSection
	GlobalSection(ExtensibilityGlobals) = postSolution
		SolutionGuid = {953EE448-AED2-48EE-B255-B6C408519E73}
	EndGlobalSection
EndGlobal
